// !$*UTF8*$!
{
	archiveVersion = 1;
	classes = {
	};
	objectVersion = 56;
	objects = {

/* Begin PBXBuildFile section */
		391740D12C3295020045C712 /* TabBarViewController.swift in Sources */ = {isa = PBXBuildFile; fileRef = 391740D02C3295020045C712 /* TabBarViewController.swift */; };
		391740D32C3295550045C712 /* SearchViewController.swift in Sources */ = {isa = PBXBuildFile; fileRef = 391740D22C3295550045C712 /* SearchViewController.swift */; };
		391740D52C3295740045C712 /* LibraryViewController.swift in Sources */ = {isa = PBXBuildFile; fileRef = 391740D42C3295740045C712 /* LibraryViewController.swift */; };
		391740D92C3295D00045C712 /* AuthViewController.swift in Sources */ = {isa = PBXBuildFile; fileRef = 391740D82C3295D00045C712 /* AuthViewController.swift */; };
		391740DB2C3295E70045C712 /* WelcomeViewController.swift in Sources */ = {isa = PBXBuildFile; fileRef = 391740DA2C3295E70045C712 /* WelcomeViewController.swift */; };
		391740DD2C3296830045C712 /* SettingsViewController.swift in Sources */ = {isa = PBXBuildFile; fileRef = 391740DC2C3296830045C712 /* SettingsViewController.swift */; };
		391740DF2C3296A10045C712 /* ProfileViewController.swift in Sources */ = {isa = PBXBuildFile; fileRef = 391740DE2C3296A10045C712 /* ProfileViewController.swift */; };
		391740E12C3296BA0045C712 /* PlayerViewController.swift in Sources */ = {isa = PBXBuildFile; fileRef = 391740E02C3296BA0045C712 /* PlayerViewController.swift */; };
		391740E32C3296D40045C712 /* PlaylistViewController.swift in Sources */ = {isa = PBXBuildFile; fileRef = 391740E22C3296D40045C712 /* PlaylistViewController.swift */; };
		391740E52C3297320045C712 /* SearchResultsViewController.swift in Sources */ = {isa = PBXBuildFile; fileRef = 391740E42C3297320045C712 /* SearchResultsViewController.swift */; };
		391740E72C32978C0045C712 /* AuthManager.swift in Sources */ = {isa = PBXBuildFile; fileRef = 391740E62C32978C0045C712 /* AuthManager.swift */; };
		391740E92C3297B00045C712 /* APICaller.swift in Sources */ = {isa = PBXBuildFile; fileRef = 391740E82C3297B00045C712 /* APICaller.swift */; };
		391740EB2C3297DE0045C712 /* HapticsManager.swift in Sources */ = {isa = PBXBuildFile; fileRef = 391740EA2C3297DE0045C712 /* HapticsManager.swift */; };
		391740ED2C3297FF0045C712 /* Playlist.swift in Sources */ = {isa = PBXBuildFile; fileRef = 391740EC2C3297FF0045C712 /* Playlist.swift */; };
		391740EF2C32981D0045C712 /* AudioTrack.swift in Sources */ = {isa = PBXBuildFile; fileRef = 391740EE2C32981D0045C712 /* AudioTrack.swift */; };
		391740F12C3298390045C712 /* Artist.swift in Sources */ = {isa = PBXBuildFile; fileRef = 391740F02C3298390045C712 /* Artist.swift */; };
		391740F32C3298610045C712 /* UserProfile.swift in Sources */ = {isa = PBXBuildFile; fileRef = 391740F22C3298610045C712 /* UserProfile.swift */; };
		391740F52C34E4FC0045C712 /* Extensions.swift in Sources */ = {isa = PBXBuildFile; fileRef = 391740F42C34E4FC0045C712 /* Extensions.swift */; };
		391740F72C35363A0045C712 /* AuthResponse.swift in Sources */ = {isa = PBXBuildFile; fileRef = 391740F62C35363A0045C712 /* AuthResponse.swift */; };
		391740F92C3654D50045C712 /* SettingsModels.swift in Sources */ = {isa = PBXBuildFile; fileRef = 391740F82C3654D50045C712 /* SettingsModels.swift */; };
		39D86A522C3281070055A59E /* AppDelegate.swift in Sources */ = {isa = PBXBuildFile; fileRef = 39D86A512C3281070055A59E /* AppDelegate.swift */; };
		39D86A542C3281070055A59E /* SceneDelegate.swift in Sources */ = {isa = PBXBuildFile; fileRef = 39D86A532C3281070055A59E /* SceneDelegate.swift */; };
		39D86A562C3281070055A59E /* HomeViewController.swift in Sources */ = {isa = PBXBuildFile; fileRef = 39D86A552C3281070055A59E /* HomeViewController.swift */; };
		39D86A5B2C3281090055A59E /* Assets.xcassets in Resources */ = {isa = PBXBuildFile; fileRef = 39D86A5A2C3281090055A59E /* Assets.xcassets */; };
		39D86A5E2C3281090055A59E /* Base in Resources */ = {isa = PBXBuildFile; fileRef = 39D86A5D2C3281090055A59E /* Base */; };
/* End PBXBuildFile section */

/* Begin PBXFileReference section */
		391740D02C3295020045C712 /* TabBarViewController.swift */ = {isa = PBXFileReference; lastKnownFileType = sourcecode.swift; path = TabBarViewController.swift; sourceTree = "<group>"; };
		391740D22C3295550045C712 /* SearchViewController.swift */ = {isa = PBXFileReference; lastKnownFileType = sourcecode.swift; path = SearchViewController.swift; sourceTree = "<group>"; };
		391740D42C3295740045C712 /* LibraryViewController.swift */ = {isa = PBXFileReference; lastKnownFileType = sourcecode.swift; path = LibraryViewController.swift; sourceTree = "<group>"; };
		391740D82C3295D00045C712 /* AuthViewController.swift */ = {isa = PBXFileReference; lastKnownFileType = sourcecode.swift; path = AuthViewController.swift; sourceTree = "<group>"; };
		391740DA2C3295E70045C712 /* WelcomeViewController.swift */ = {isa = PBXFileReference; lastKnownFileType = sourcecode.swift; path = WelcomeViewController.swift; sourceTree = "<group>"; };
		391740DC2C3296830045C712 /* SettingsViewController.swift */ = {isa = PBXFileReference; lastKnownFileType = sourcecode.swift; path = SettingsViewController.swift; sourceTree = "<group>"; };
		391740DE2C3296A10045C712 /* ProfileViewController.swift */ = {isa = PBXFileReference; lastKnownFileType = sourcecode.swift; path = ProfileViewController.swift; sourceTree = "<group>"; };
		391740E02C3296BA0045C712 /* PlayerViewController.swift */ = {isa = PBXFileReference; lastKnownFileType = sourcecode.swift; path = PlayerViewController.swift; sourceTree = "<group>"; };
		391740E22C3296D40045C712 /* PlaylistViewController.swift */ = {isa = PBXFileReference; lastKnownFileType = sourcecode.swift; path = PlaylistViewController.swift; sourceTree = "<group>"; };
		391740E42C3297320045C712 /* SearchResultsViewController.swift */ = {isa = PBXFileReference; lastKnownFileType = sourcecode.swift; path = SearchResultsViewController.swift; sourceTree = "<group>"; };
		391740E62C32978C0045C712 /* AuthManager.swift */ = {isa = PBXFileReference; lastKnownFileType = sourcecode.swift; path = AuthManager.swift; sourceTree = "<group>"; };
		391740E82C3297B00045C712 /* APICaller.swift */ = {isa = PBXFileReference; lastKnownFileType = sourcecode.swift; path = APICaller.swift; sourceTree = "<group>"; };
		391740EA2C3297DE0045C712 /* HapticsManager.swift */ = {isa = PBXFileReference; lastKnownFileType = sourcecode.swift; path = HapticsManager.swift; sourceTree = "<group>"; };
		391740EC2C3297FF0045C712 /* Playlist.swift */ = {isa = PBXFileReference; lastKnownFileType = sourcecode.swift; path = Playlist.swift; sourceTree = "<group>"; };
		391740EE2C32981D0045C712 /* AudioTrack.swift */ = {isa = PBXFileReference; lastKnownFileType = sourcecode.swift; path = AudioTrack.swift; sourceTree = "<group>"; };
		391740F02C3298390045C712 /* Artist.swift */ = {isa = PBXFileReference; lastKnownFileType = sourcecode.swift; path = Artist.swift; sourceTree = "<group>"; };
		391740F22C3298610045C712 /* UserProfile.swift */ = {isa = PBXFileReference; lastKnownFileType = sourcecode.swift; path = UserProfile.swift; sourceTree = "<group>"; };
		391740F42C34E4FC0045C712 /* Extensions.swift */ = {isa = PBXFileReference; lastKnownFileType = sourcecode.swift; path = Extensions.swift; sourceTree = "<group>"; };
		391740F62C35363A0045C712 /* AuthResponse.swift */ = {isa = PBXFileReference; lastKnownFileType = sourcecode.swift; path = AuthResponse.swift; sourceTree = "<group>"; };
		391740F82C3654D50045C712 /* SettingsModels.swift */ = {isa = PBXFileReference; lastKnownFileType = sourcecode.swift; path = SettingsModels.swift; sourceTree = "<group>"; };
		39D86A4E2C3281070055A59E /* spotify_clone.app */ = {isa = PBXFileReference; explicitFileType = wrapper.application; includeInIndex = 0; path = spotify_clone.app; sourceTree = BUILT_PRODUCTS_DIR; };
		39D86A512C3281070055A59E /* AppDelegate.swift */ = {isa = PBXFileReference; lastKnownFileType = sourcecode.swift; path = AppDelegate.swift; sourceTree = "<group>"; };
		39D86A532C3281070055A59E /* SceneDelegate.swift */ = {isa = PBXFileReference; lastKnownFileType = sourcecode.swift; path = SceneDelegate.swift; sourceTree = "<group>"; };
		39D86A552C3281070055A59E /* HomeViewController.swift */ = {isa = PBXFileReference; lastKnownFileType = sourcecode.swift; path = HomeViewController.swift; sourceTree = "<group>"; };
		39D86A5A2C3281090055A59E /* Assets.xcassets */ = {isa = PBXFileReference; lastKnownFileType = folder.assetcatalog; path = Assets.xcassets; sourceTree = "<group>"; };
		39D86A5D2C3281090055A59E /* Base */ = {isa = PBXFileReference; lastKnownFileType = file.storyboard; name = Base; path = Base.lproj/LaunchScreen.storyboard; sourceTree = "<group>"; };
		39D86A5F2C3281090055A59E /* Info.plist */ = {isa = PBXFileReference; lastKnownFileType = text.plist.xml; path = Info.plist; sourceTree = "<group>"; };
/* End PBXFileReference section */

/* Begin PBXFrameworksBuildPhase section */
		39D86A4B2C3281070055A59E /* Frameworks */ = {
			isa = PBXFrameworksBuildPhase;
			buildActionMask = 2147483647;
			files = (
			);
			runOnlyForDeploymentPostprocessing = 0;
		};
/* End PBXFrameworksBuildPhase section */

/* Begin PBXGroup section */
		391740CA2C3290540045C712 /* Contorollers */ = {
			isa = PBXGroup;
			children = (
				391740D72C3295A30045C712 /* Other */,
				391740D62C32958B0045C712 /* Core */,
			);
			path = Contorollers;
			sourceTree = "<group>";
		};
		391740CB2C3290610045C712 /* Views */ = {
			isa = PBXGroup;
			children = (
			);
			path = Views;
			sourceTree = "<group>";
		};
		391740CC2C32906B0045C712 /* Models */ = {
			isa = PBXGroup;
			children = (
				391740EC2C3297FF0045C712 /* Playlist.swift */,
				391740EE2C32981D0045C712 /* AudioTrack.swift */,
				391740F02C3298390045C712 /* Artist.swift */,
				391740F22C3298610045C712 /* UserProfile.swift */,
				391740F62C35363A0045C712 /* AuthResponse.swift */,
				391740F82C3654D50045C712 /* SettingsModels.swift */,
			);
			path = Models;
			sourceTree = "<group>";
		};
		391740CD2C3290710045C712 /* ViewModels */ = {
			isa = PBXGroup;
			children = (
			);
			path = ViewModels;
			sourceTree = "<group>";
		};
		391740CE2C32907F0045C712 /* Managers */ = {
			isa = PBXGroup;
			children = (
				391740E62C32978C0045C712 /* AuthManager.swift */,
				391740E82C3297B00045C712 /* APICaller.swift */,
				391740EA2C3297DE0045C712 /* HapticsManager.swift */,
			);
			path = Managers;
			sourceTree = "<group>";
		};
		391740CF2C32908C0045C712 /* Resources */ = {
			isa = PBXGroup;
			children = (
				39D86A5A2C3281090055A59E /* Assets.xcassets */,
				39D86A5C2C3281090055A59E /* LaunchScreen.storyboard */,
				39D86A512C3281070055A59E /* AppDelegate.swift */,
				39D86A532C3281070055A59E /* SceneDelegate.swift */,
				391740F42C34E4FC0045C712 /* Extensions.swift */,
			);
			path = Resources;
			sourceTree = "<group>";
		};
		391740D62C32958B0045C712 /* Core */ = {
			isa = PBXGroup;
			children = (
				391740D02C3295020045C712 /* TabBarViewController.swift */,
				39D86A552C3281070055A59E /* HomeViewController.swift */,
				391740D22C3295550045C712 /* SearchViewController.swift */,
				391740D42C3295740045C712 /* LibraryViewController.swift */,
			);
			path = Core;
			sourceTree = "<group>";
		};
		391740D72C3295A30045C712 /* Other */ = {
			isa = PBXGroup;
			children = (
				391740D82C3295D00045C712 /* AuthViewController.swift */,
				391740DA2C3295E70045C712 /* WelcomeViewController.swift */,
				391740DC2C3296830045C712 /* SettingsViewController.swift */,
				391740DE2C3296A10045C712 /* ProfileViewController.swift */,
				391740E02C3296BA0045C712 /* PlayerViewController.swift */,
				391740E22C3296D40045C712 /* PlaylistViewController.swift */,
				391740E42C3297320045C712 /* SearchResultsViewController.swift */,
			);
			path = Other;
			sourceTree = "<group>";
		};
		39D86A452C3281070055A59E = {
			isa = PBXGroup;
			children = (
				39D86A502C3281070055A59E /* spotify_clone */,
				39D86A4F2C3281070055A59E /* Products */,
			);
			sourceTree = "<group>";
		};
		39D86A4F2C3281070055A59E /* Products */ = {
			isa = PBXGroup;
			children = (
				39D86A4E2C3281070055A59E /* spotify_clone.app */,
			);
			name = Products;
			sourceTree = "<group>";
		};
		39D86A502C3281070055A59E /* spotify_clone */ = {
			isa = PBXGroup;
			children = (
				391740CF2C32908C0045C712 /* Resources */,
				391740CE2C32907F0045C712 /* Managers */,
				391740CD2C3290710045C712 /* ViewModels */,
				391740CC2C32906B0045C712 /* Models */,
				391740CB2C3290610045C712 /* Views */,
				391740CA2C3290540045C712 /* Contorollers */,
				39D86A5F2C3281090055A59E /* Info.plist */,
			);
			path = spotify_clone;
			sourceTree = "<group>";
		};
/* End PBXGroup section */

/* Begin PBXNativeTarget section */
		39D86A4D2C3281070055A59E /* spotify_clone */ = {
			isa = PBXNativeTarget;
			buildConfigurationList = 39D86A622C3281090055A59E /* Build configuration list for PBXNativeTarget "spotify_clone" */;
			buildPhases = (
				39D86A4A2C3281070055A59E /* Sources */,
				39D86A4B2C3281070055A59E /* Frameworks */,
				39D86A4C2C3281070055A59E /* Resources */,
			);
			buildRules = (
			);
			dependencies = (
			);
			name = spotify_clone;
			productName = spotify_clone;
			productReference = 39D86A4E2C3281070055A59E /* spotify_clone.app */;
			productType = "com.apple.product-type.application";
		};
/* End PBXNativeTarget section */

/* Begin PBXProject section */
		39D86A462C3281070055A59E /* Project object */ = {
			isa = PBXProject;
			attributes = {
				BuildIndependentTargetsInParallel = 1;
				LastSwiftUpdateCheck = 1540;
				LastUpgradeCheck = 1540;
				TargetAttributes = {
					39D86A4D2C3281070055A59E = {
						CreatedOnToolsVersion = 15.4;
					};
				};
			};
			buildConfigurationList = 39D86A492C3281070055A59E /* Build configuration list for PBXProject "spotify_clone" */;
			compatibilityVersion = "Xcode 14.0";
			developmentRegion = en;
			hasScannedForEncodings = 0;
			knownRegions = (
				en,
				Base,
			);
			mainGroup = 39D86A452C3281070055A59E;
			productRefGroup = 39D86A4F2C3281070055A59E /* Products */;
			projectDirPath = "";
			projectRoot = "";
			targets = (
				39D86A4D2C3281070055A59E /* spotify_clone */,
			);
		};
/* End PBXProject section */

/* Begin PBXResourcesBuildPhase section */
		39D86A4C2C3281070055A59E /* Resources */ = {
			isa = PBXResourcesBuildPhase;
			buildActionMask = 2147483647;
			files = (
				39D86A5B2C3281090055A59E /* Assets.xcassets in Resources */,
				39D86A5E2C3281090055A59E /* Base in Resources */,
			);
			runOnlyForDeploymentPostprocessing = 0;
		};
/* End PBXResourcesBuildPhase section */

/* Begin PBXSourcesBuildPhase section */
		39D86A4A2C3281070055A59E /* Sources */ = {
			isa = PBXSourcesBuildPhase;
			buildActionMask = 2147483647;
			files = (
				391740D52C3295740045C712 /* LibraryViewController.swift in Sources */,
				391740ED2C3297FF0045C712 /* Playlist.swift in Sources */,
				391740E72C32978C0045C712 /* AuthManager.swift in Sources */,
				391740E52C3297320045C712 /* SearchResultsViewController.swift in Sources */,
				391740DB2C3295E70045C712 /* WelcomeViewController.swift in Sources */,
				391740DF2C3296A10045C712 /* ProfileViewController.swift in Sources */,
				391740F92C3654D50045C712 /* SettingsModels.swift in Sources */,
				391740D32C3295550045C712 /* SearchViewController.swift in Sources */,
				391740EB2C3297DE0045C712 /* HapticsManager.swift in Sources */,
				391740F72C35363A0045C712 /* AuthResponse.swift in Sources */,
				391740EF2C32981D0045C712 /* AudioTrack.swift in Sources */,
				391740F52C34E4FC0045C712 /* Extensions.swift in Sources */,
				391740D12C3295020045C712 /* TabBarViewController.swift in Sources */,
				391740D92C3295D00045C712 /* AuthViewController.swift in Sources */,
				39D86A562C3281070055A59E /* HomeViewController.swift in Sources */,
				391740F32C3298610045C712 /* UserProfile.swift in Sources */,
				39D86A522C3281070055A59E /* AppDelegate.swift in Sources */,
				391740F12C3298390045C712 /* Artist.swift in Sources */,
				391740E32C3296D40045C712 /* PlaylistViewController.swift in Sources */,
				39D86A542C3281070055A59E /* SceneDelegate.swift in Sources */,
				391740E12C3296BA0045C712 /* PlayerViewController.swift in Sources */,
				391740E92C3297B00045C712 /* APICaller.swift in Sources */,
				391740DD2C3296830045C712 /* SettingsViewController.swift in Sources */,
			);
			runOnlyForDeploymentPostprocessing = 0;
		};
/* End PBXSourcesBuildPhase section */

/* Begin PBXVariantGroup section */
		39D86A5C2C3281090055A59E /* LaunchScreen.storyboard */ = {
			isa = PBXVariantGroup;
			children = (
				39D86A5D2C3281090055A59E /* Base */,
			);
			name = LaunchScreen.storyboard;
			sourceTree = "<group>";
		};
/* End PBXVariantGroup section */

/* Begin XCBuildConfiguration section */
		39D86A602C3281090055A59E /* Debug */ = {
			isa = XCBuildConfiguration;
			buildSettings = {
				ALWAYS_SEARCH_USER_PATHS = NO;
				ASSETCATALOG_COMPILER_GENERATE_SWIFT_ASSET_SYMBOL_EXTENSIONS = YES;
				CLANG_ANALYZER_NONNULL = YES;
				CLANG_ANALYZER_NUMBER_OBJECT_CONVERSION = YES_AGGRESSIVE;
				CLANG_CXX_LANGUAGE_STANDARD = "gnu++20";
				CLANG_ENABLE_MODULES = YES;
				CLANG_ENABLE_OBJC_ARC = YES;
				CLANG_ENABLE_OBJC_WEAK = YES;
				CLANG_WARN_BLOCK_CAPTURE_AUTORELEASING = YES;
				CLANG_WARN_BOOL_CONVERSION = YES;
				CLANG_WARN_COMMA = YES;
				CLANG_WARN_CONSTANT_CONVERSION = YES;
				CLANG_WARN_DEPRECATED_OBJC_IMPLEMENTATIONS = YES;
				CLANG_WARN_DIRECT_OBJC_ISA_USAGE = YES_ERROR;
				CLANG_WARN_DOCUMENTATION_COMMENTS = YES;
				CLANG_WARN_EMPTY_BODY = YES;
				CLANG_WARN_ENUM_CONVERSION = YES;
				CLANG_WARN_INFINITE_RECURSION = YES;
				CLANG_WARN_INT_CONVERSION = YES;
				CLANG_WARN_NON_LITERAL_NULL_CONVERSION = YES;
				CLANG_WARN_OBJC_IMPLICIT_RETAIN_SELF = YES;
				CLANG_WARN_OBJC_LITERAL_CONVERSION = YES;
				CLANG_WARN_OBJC_ROOT_CLASS = YES_ERROR;
				CLANG_WARN_QUOTED_INCLUDE_IN_FRAMEWORK_HEADER = YES;
				CLANG_WARN_RANGE_LOOP_ANALYSIS = YES;
				CLANG_WARN_STRICT_PROTOTYPES = YES;
				CLANG_WARN_SUSPICIOUS_MOVE = YES;
				CLANG_WARN_UNGUARDED_AVAILABILITY = YES_AGGRESSIVE;
				CLANG_WARN_UNREACHABLE_CODE = YES;
				CLANG_WARN__DUPLICATE_METHOD_MATCH = YES;
				COPY_PHASE_STRIP = NO;
				DEBUG_INFORMATION_FORMAT = dwarf;
				ENABLE_STRICT_OBJC_MSGSEND = YES;
				ENABLE_TESTABILITY = YES;
				ENABLE_USER_SCRIPT_SANDBOXING = YES;
				GCC_C_LANGUAGE_STANDARD = gnu17;
				GCC_DYNAMIC_NO_PIC = NO;
				GCC_NO_COMMON_BLOCKS = YES;
				GCC_OPTIMIZATION_LEVEL = 0;
				GCC_PREPROCESSOR_DEFINITIONS = (
					"DEBUG=1",
					"$(inherited)",
				);
				GCC_WARN_64_TO_32_BIT_CONVERSION = YES;
				GCC_WARN_ABOUT_RETURN_TYPE = YES_ERROR;
				GCC_WARN_UNDECLARED_SELECTOR = YES;
				GCC_WARN_UNINITIALIZED_AUTOS = YES_AGGRESSIVE;
				GCC_WARN_UNUSED_FUNCTION = YES;
				GCC_WARN_UNUSED_VARIABLE = YES;
				IPHONEOS_DEPLOYMENT_TARGET = 17.5;
				LOCALIZATION_PREFERS_STRING_CATALOGS = YES;
				MTL_ENABLE_DEBUG_INFO = INCLUDE_SOURCE;
				MTL_FAST_MATH = YES;
				ONLY_ACTIVE_ARCH = YES;
				SDKROOT = iphoneos;
				SWIFT_ACTIVE_COMPILATION_CONDITIONS = "DEBUG $(inherited)";
				SWIFT_OPTIMIZATION_LEVEL = "-Onone";
			};
			name = Debug;
		};
		39D86A612C3281090055A59E /* Release */ = {
			isa = XCBuildConfiguration;
			buildSettings = {
				ALWAYS_SEARCH_USER_PATHS = NO;
				ASSETCATALOG_COMPILER_GENERATE_SWIFT_ASSET_SYMBOL_EXTENSIONS = YES;
				CLANG_ANALYZER_NONNULL = YES;
				CLANG_ANALYZER_NUMBER_OBJECT_CONVERSION = YES_AGGRESSIVE;
				CLANG_CXX_LANGUAGE_STANDARD = "gnu++20";
				CLANG_ENABLE_MODULES = YES;
				CLANG_ENABLE_OBJC_ARC = YES;
				CLANG_ENABLE_OBJC_WEAK = YES;
				CLANG_WARN_BLOCK_CAPTURE_AUTORELEASING = YES;
				CLANG_WARN_BOOL_CONVERSION = YES;
				CLANG_WARN_COMMA = YES;
				CLANG_WARN_CONSTANT_CONVERSION = YES;
				CLANG_WARN_DEPRECATED_OBJC_IMPLEMENTATIONS = YES;
				CLANG_WARN_DIRECT_OBJC_ISA_USAGE = YES_ERROR;
				CLANG_WARN_DOCUMENTATION_COMMENTS = YES;
				CLANG_WARN_EMPTY_BODY = YES;
				CLANG_WARN_ENUM_CONVERSION = YES;
				CLANG_WARN_INFINITE_RECURSION = YES;
				CLANG_WARN_INT_CONVERSION = YES;
				CLANG_WARN_NON_LITERAL_NULL_CONVERSION = YES;
				CLANG_WARN_OBJC_IMPLICIT_RETAIN_SELF = YES;
				CLANG_WARN_OBJC_LITERAL_CONVERSION = YES;
				CLANG_WARN_OBJC_ROOT_CLASS = YES_ERROR;
				CLANG_WARN_QUOTED_INCLUDE_IN_FRAMEWORK_HEADER = YES;
				CLANG_WARN_RANGE_LOOP_ANALYSIS = YES;
				CLANG_WARN_STRICT_PROTOTYPES = YES;
				CLANG_WARN_SUSPICIOUS_MOVE = YES;
				CLANG_WARN_UNGUARDED_AVAILABILITY = YES_AGGRESSIVE;
				CLANG_WARN_UNREACHABLE_CODE = YES;
				CLANG_WARN__DUPLICATE_METHOD_MATCH = YES;
				COPY_PHASE_STRIP = NO;
				DEBUG_INFORMATION_FORMAT = "dwarf-with-dsym";
				ENABLE_NS_ASSERTIONS = NO;
				ENABLE_STRICT_OBJC_MSGSEND = YES;
				ENABLE_USER_SCRIPT_SANDBOXING = YES;
				GCC_C_LANGUAGE_STANDARD = gnu17;
				GCC_NO_COMMON_BLOCKS = YES;
				GCC_WARN_64_TO_32_BIT_CONVERSION = YES;
				GCC_WARN_ABOUT_RETURN_TYPE = YES_ERROR;
				GCC_WARN_UNDECLARED_SELECTOR = YES;
				GCC_WARN_UNINITIALIZED_AUTOS = YES_AGGRESSIVE;
				GCC_WARN_UNUSED_FUNCTION = YES;
				GCC_WARN_UNUSED_VARIABLE = YES;
				IPHONEOS_DEPLOYMENT_TARGET = 17.5;
				LOCALIZATION_PREFERS_STRING_CATALOGS = YES;
				MTL_ENABLE_DEBUG_INFO = NO;
				MTL_FAST_MATH = YES;
				SDKROOT = iphoneos;
				SWIFT_COMPILATION_MODE = wholemodule;
				VALIDATE_PRODUCT = YES;
			};
			name = Release;
		};
		39D86A632C3281090055A59E /* Debug */ = {
			isa = XCBuildConfiguration;
			buildSettings = {
				ASSETCATALOG_COMPILER_APPICON_NAME = AppIcon;
				ASSETCATALOG_COMPILER_GLOBAL_ACCENT_COLOR_NAME = AccentColor;
				CODE_SIGN_STYLE = Automatic;
				CURRENT_PROJECT_VERSION = 1;
				DEVELOPMENT_TEAM = 5KZS3LVT93;
				GENERATE_INFOPLIST_FILE = YES;
				INFOPLIST_FILE = spotify_clone/Info.plist;
				INFOPLIST_KEY_UIApplicationSupportsIndirectInputEvents = YES;
				INFOPLIST_KEY_UILaunchStoryboardName = LaunchScreen;
				INFOPLIST_KEY_UISupportedInterfaceOrientations_iPad = "UIInterfaceOrientationPortrait UIInterfaceOrientationPortraitUpsideDown UIInterfaceOrientationLandscapeLeft UIInterfaceOrientationLandscapeRight";
				INFOPLIST_KEY_UISupportedInterfaceOrientations_iPhone = "UIInterfaceOrientationPortrait UIInterfaceOrientationLandscapeLeft UIInterfaceOrientationLandscapeRight";
				LD_RUNPATH_SEARCH_PATHS = (
					"$(inherited)",
					"@executable_path/Frameworks",
				);
				MARKETING_VERSION = 1.0;
				PRODUCT_BUNDLE_IDENTIFIER = "sangshow.spotify-clone";
				PRODUCT_NAME = "$(TARGET_NAME)";
				SWIFT_EMIT_LOC_STRINGS = YES;
				SWIFT_VERSION = 5.0;
				TARGETED_DEVICE_FAMILY = "1,2";
			};
			name = Debug;
		};
		39D86A642C3281090055A59E /* Release */ = {
			isa = XCBuildConfiguration;
			buildSettings = {
				ASSETCATALOG_COMPILER_APPICON_NAME = AppIcon;
				ASSETCATALOG_COMPILER_GLOBAL_ACCENT_COLOR_NAME = AccentColor;
				CODE_SIGN_STYLE = Automatic;
				CURRENT_PROJECT_VERSION = 1;
				DEVELOPMENT_TEAM = 5KZS3LVT93;
				GENERATE_INFOPLIST_FILE = YES;
				INFOPLIST_FILE = spotify_clone/Info.plist;
				INFOPLIST_KEY_UIApplicationSupportsIndirectInputEvents = YES;
				INFOPLIST_KEY_UILaunchStoryboardName = LaunchScreen;
				INFOPLIST_KEY_UISupportedInterfaceOrientations_iPad = "UIInterfaceOrientationPortrait UIInterfaceOrientationPortraitUpsideDown UIInterfaceOrientationLandscapeLeft UIInterfaceOrientationLandscapeRight";
				INFOPLIST_KEY_UISupportedInterfaceOrientations_iPhone = "UIInterfaceOrientationPortrait UIInterfaceOrientationLandscapeLeft UIInterfaceOrientationLandscapeRight";
				LD_RUNPATH_SEARCH_PATHS = (
					"$(inherited)",
					"@executable_path/Frameworks",
				);
				MARKETING_VERSION = 1.0;
				PRODUCT_BUNDLE_IDENTIFIER = "sangshow.spotify-clone";
				PRODUCT_NAME = "$(TARGET_NAME)";
				SWIFT_EMIT_LOC_STRINGS = YES;
				SWIFT_VERSION = 5.0;
				TARGETED_DEVICE_FAMILY = "1,2";
			};
			name = Release;
		};
/* End XCBuildConfiguration section */

/* Begin XCConfigurationList section */
		39D86A492C3281070055A59E /* Build configuration list for PBXProject "spotify_clone" */ = {
			isa = XCConfigurationList;
			buildConfigurations = (
				39D86A602C3281090055A59E /* Debug */,
				39D86A612C3281090055A59E /* Release */,
			);
			defaultConfigurationIsVisible = 0;
			defaultConfigurationName = Release;
		};
		39D86A622C3281090055A59E /* Build configuration list for PBXNativeTarget "spotify_clone" */ = {
			isa = XCConfigurationList;
			buildConfigurations = (
				39D86A632C3281090055A59E /* Debug */,
				39D86A642C3281090055A59E /* Release */,
			);
			defaultConfigurationIsVisible = 0;
			defaultConfigurationName = Release;
		};
/* End XCConfigurationList section */
	};
	rootObject = 39D86A462C3281070055A59E /* Project object */;
}
